// !$*UTF8*$!
{
	archiveVersion = 1;
	classes = {
	};
	objectVersion = 56;
	objects = {

/* Begin PBXBuildFile section */
		APP001 /* AdhkariApp.swift in Sources */ = {isa = PBXBuildFile; fileRef = SRC001 /* AdhkariApp.swift */; };
		APP002 /* AppContainer.swift in Sources */ = {isa = PBXBuildFile; fileRef = SRC002 /* AppContainer.swift */; };
		AST002 /* Assets.xcassets in Resources */ = {isa = PBXBuildFile; fileRef = AST001 /* Assets.xcassets */; };
		C31217C52F283CA700BEF731 /* HijriDateService.swift in Sources */ = {isa = PBXBuildFile; fileRef = C31217C42F283CA700BEF731 /* HijriDateService.swift */; };
		C31219292F2AC57500BEF731 /* FastingTrackerView.swift in Sources */ = {isa = PBXBuildFile; fileRef = C31219282F2AC57500BEF731 /* FastingTrackerView.swift */; };
		C312192B2F2AC6CF00BEF731 /* FastingViewModel.swift in Sources */ = {isa = PBXBuildFile; fileRef = C312192A2F2AC6CF00BEF731 /* FastingViewModel.swift */; };
		C312192D2F2AC81900BEF731 /* FastingService.swift in Sources */ = {isa = PBXBuildFile; fileRef = C312192C2F2AC81900BEF731 /* FastingService.swift */; };
		C38D27072F26FEA1005D2A1A /* NotificationService.swift in Sources */ = {isa = PBXBuildFile; fileRef = C38D27062F26FEA1005D2A1A /* NotificationService.swift */; };
		C38D270F2F27001B005D2A1A /* PrayerTimesView.swift in Sources */ = {isa = PBXBuildFile; fileRef = C38D27092F27001B005D2A1A /* PrayerTimesView.swift */; };
		C38D27102F27001B005D2A1A /* ZakatCalculatorView.swift in Sources */ = {isa = PBXBuildFile; fileRef = C38D270D2F27001B005D2A1A /* ZakatCalculatorView.swift */; };
		C38D27112F27001B005D2A1A /* HijriCalendarView.swift in Sources */ = {isa = PBXBuildFile; fileRef = C38D27082F27001B005D2A1A /* HijriCalendarView.swift */; };
		C38D27122F27001B005D2A1A /* TasbihView.swift in Sources */ = {isa = PBXBuildFile; fileRef = C38D270C2F27001B005D2A1A /* TasbihView.swift */; };
		C38D27132F27001B005D2A1A /* StatisticsView.swift in Sources */ = {isa = PBXBuildFile; fileRef = C38D270B2F27001B005D2A1A /* StatisticsView.swift */; };
		C38D27142F27001B005D2A1A /* QiblaView.swift in Sources */ = {isa = PBXBuildFile; fileRef = C38D270A2F27001B005D2A1A /* QiblaView.swift */; };
		MDL001 /* DhikrItem.swift in Sources */ = {isa = PBXBuildFile; fileRef = SRC003 /* DhikrItem.swift */; };
		MDL002 /* RoutineSlot.swift in Sources */ = {isa = PBXBuildFile; fileRef = SRC004 /* RoutineSlot.swift */; };
		MDL003 /* SessionState.swift in Sources */ = {isa = PBXBuildFile; fileRef = SRC005 /* SessionState.swift */; };
		MDL005 /* AppSettings.swift in Sources */ = {isa = PBXBuildFile; fileRef = SRC007 /* AppSettings.swift */; };
		MDL006 /* OnboardingState.swift in Sources */ = {isa = PBXBuildFile; fileRef = SRC008 /* OnboardingState.swift */; };
		MDL007 /* PrayerTimes.swift in Sources */ = {isa = PBXBuildFile; fileRef = SRC009 /* PrayerTimes.swift */; };
		MDL008 /* UserRoutineLink.swift in Sources */ = {isa = PBXBuildFile; fileRef = SRC010 /* UserRoutineLink.swift */; };
		REP001 /* DhikrRepository.swift in Sources */ = {isa = PBXBuildFile; fileRef = SRC011 /* DhikrRepository.swift */; };
		REP002 /* SessionRepository.swift in Sources */ = {isa = PBXBuildFile; fileRef = SRC012 /* SessionRepository.swift */; };
		REP004 /* SettingsRepository.swift in Sources */ = {isa = PBXBuildFile; fileRef = SRC014 /* SettingsRepository.swift */; };
		REP005 /* OnboardingRepository.swift in Sources */ = {isa = PBXBuildFile; fileRef = SRC015 /* OnboardingRepository.swift */; };
		REP006 /* UserRoutineLinkRepository.swift in Sources */ = {isa = PBXBuildFile; fileRef = SRC016 /* UserRoutineLinkRepository.swift */; };
		RES001 /* adhkar.json in Resources */ = {isa = PBXBuildFile; fileRef = RSC001 /* adhkar.json */; };
		RES003 /* Localizable.strings in Resources */ = {isa = PBXBuildFile; fileRef = RSC004 /* Localizable.strings */; };
		SVC001 /* PrayerTimeService.swift in Sources */ = {isa = PBXBuildFile; fileRef = SRC017 /* PrayerTimeService.swift */; };
		SVC002 /* SeedImportService.swift in Sources */ = {isa = PBXBuildFile; fileRef = SRC018 /* SeedImportService.swift */; };
		SVC003 /* HapticsService.swift in Sources */ = {isa = PBXBuildFile; fileRef = SRC019 /* HapticsService.swift */; };
		SVC004 /* LocationService.swift in Sources */ = {isa = PBXBuildFile; fileRef = SRC020 /* LocationService.swift */; };
		UIV001 /* MainTabView.swift in Sources */ = {isa = PBXBuildFile; fileRef = SRC027 /* MainTabView.swift */; };
		UIV002 /* OnboardingView.swift in Sources */ = {isa = PBXBuildFile; fileRef = SRC028 /* OnboardingView.swift */; };
		UIV003 /* HomeView.swift in Sources */ = {isa = PBXBuildFile; fileRef = SRC029 /* HomeView.swift */; };
		UIV004 /* SessionView.swift in Sources */ = {isa = PBXBuildFile; fileRef = SRC030 /* SessionView.swift */; };
		UIV005 /* HisnLibraryView.swift in Sources */ = {isa = PBXBuildFile; fileRef = SRC031 /* HisnLibraryView.swift */; };
		UIV006 /* DuaDetailView.swift in Sources */ = {isa = PBXBuildFile; fileRef = SRC032 /* DuaDetailView.swift */; };
		UIV008 /* SettingsView.swift in Sources */ = {isa = PBXBuildFile; fileRef = SRC034 /* SettingsView.swift */; };
		UIV009 /* CounterCircle.swift in Sources */ = {isa = PBXBuildFile; fileRef = SRC035 /* CounterCircle.swift */; };
		UTL001 /* DateHelpers.swift in Sources */ = {isa = PBXBuildFile; fileRef = SRC036 /* DateHelpers.swift */; };
		UTL002 /* AppColors.swift in Sources */ = {isa = PBXBuildFile; fileRef = SRC037 /* AppColors.swift */; };
		UTL003 /* ArabicNumbers.swift in Sources */ = {isa = PBXBuildFile; fileRef = SRC038 /* ArabicNumbers.swift */; };
		VWM001 /* HomeViewModel.swift in Sources */ = {isa = PBXBuildFile; fileRef = SRC021 /* HomeViewModel.swift */; };
		VWM002 /* SessionViewModel.swift in Sources */ = {isa = PBXBuildFile; fileRef = SRC022 /* SessionViewModel.swift */; };
		VWM003 /* HisnViewModel.swift in Sources */ = {isa = PBXBuildFile; fileRef = SRC023 /* HisnViewModel.swift */; };
		VWM005 /* SettingsViewModel.swift in Sources */ = {isa = PBXBuildFile; fileRef = SRC025 /* SettingsViewModel.swift */; };
		VWM006 /* OnboardingViewModel.swift in Sources */ = {isa = PBXBuildFile; fileRef = SRC026 /* OnboardingViewModel.swift */; };
/* End PBXBuildFile section */

/* Begin PBXFileReference section */
		AST001 /* Assets.xcassets */ = {isa = PBXFileReference; lastKnownFileType = folder.assetcatalog; path = Assets.xcassets; sourceTree = "<group>"; };
		C31217C42F283CA700BEF731 /* HijriDateService.swift */ = {isa = PBXFileReference; lastKnownFileType = sourcecode.swift; path = HijriDateService.swift; sourceTree = "<group>"; };
		C31219282F2AC57500BEF731 /* FastingTrackerView.swift */ = {isa = PBXFileReference; lastKnownFileType = sourcecode.swift; path = FastingTrackerView.swift; sourceTree = "<group>"; };
		C312192A2F2AC6CF00BEF731 /* FastingViewModel.swift */ = {isa = PBXFileReference; lastKnownFileType = sourcecode.swift; path = FastingViewModel.swift; sourceTree = "<group>"; };
		C312192C2F2AC81900BEF731 /* FastingService.swift */ = {isa = PBXFileReference; lastKnownFileType = sourcecode.swift; path = FastingService.swift; sourceTree = "<group>"; };
		C38D27062F26FEA1005D2A1A /* NotificationService.swift */ = {isa = PBXFileReference; lastKnownFileType = sourcecode.swift; path = NotificationService.swift; sourceTree = "<group>"; };
		C38D27082F27001B005D2A1A /* HijriCalendarView.swift */ = {isa = PBXFileReference; lastKnownFileType = sourcecode.swift; path = HijriCalendarView.swift; sourceTree = "<group>"; };
		C38D27092F27001B005D2A1A /* PrayerTimesView.swift */ = {isa = PBXFileReference; lastKnownFileType = sourcecode.swift; path = PrayerTimesView.swift; sourceTree = "<group>"; };
		C38D270A2F27001B005D2A1A /* QiblaView.swift */ = {isa = PBXFileReference; lastKnownFileType = sourcecode.swift; path = QiblaView.swift; sourceTree = "<group>"; };
		C38D270B2F27001B005D2A1A /* StatisticsView.swift */ = {isa = PBXFileReference; lastKnownFileType = sourcecode.swift; path = StatisticsView.swift; sourceTree = "<group>"; };
		C38D270C2F27001B005D2A1A /* TasbihView.swift */ = {isa = PBXFileReference; lastKnownFileType = sourcecode.swift; path = TasbihView.swift; sourceTree = "<group>"; };
		C38D270D2F27001B005D2A1A /* ZakatCalculatorView.swift */ = {isa = PBXFileReference; lastKnownFileType = sourcecode.swift; path = ZakatCalculatorView.swift; sourceTree = "<group>"; };
		PROD001 /* Athkariapp.app */ = {isa = PBXFileReference; explicitFileType = wrapper.application; includeInIndex = 0; path = Athkariapp.app; sourceTree = BUILT_PRODUCTS_DIR; };
		RSC001 /* adhkar.json */ = {isa = PBXFileReference; lastKnownFileType = text.json; path = adhkar.json; sourceTree = "<group>"; };
		RSC003 /* Info.plist */ = {isa = PBXFileReference; lastKnownFileType = text.plist.xml; path = Info.plist; sourceTree = "<group>"; };
		RSC004 /* Localizable.strings */ = {isa = PBXFileReference; lastKnownFileType = text.plist.strings; path = Localizable.strings; sourceTree = "<group>"; };
		SRC001 /* AdhkariApp.swift */ = {isa = PBXFileReference; lastKnownFileType = sourcecode.swift; path = AdhkariApp.swift; sourceTree = "<group>"; };
		SRC002 /* AppContainer.swift */ = {isa = PBXFileReference; lastKnownFileType = sourcecode.swift; path = AppContainer.swift; sourceTree = "<group>"; };
		SRC003 /* DhikrItem.swift */ = {isa = PBXFileReference; lastKnownFileType = sourcecode.swift; path = DhikrItem.swift; sourceTree = "<group>"; };
		SRC004 /* RoutineSlot.swift */ = {isa = PBXFileReference; lastKnownFileType = sourcecode.swift; path = RoutineSlot.swift; sourceTree = "<group>"; };
		SRC005 /* SessionState.swift */ = {isa = PBXFileReference; lastKnownFileType = sourcecode.swift; path = SessionState.swift; sourceTree = "<group>"; };
		SRC007 /* AppSettings.swift */ = {isa = PBXFileReference; lastKnownFileType = sourcecode.swift; path = AppSettings.swift; sourceTree = "<group>"; };
		SRC008 /* OnboardingState.swift */ = {isa = PBXFileReference; lastKnownFileType = sourcecode.swift; path = OnboardingState.swift; sourceTree = "<group>"; };
		SRC009 /* PrayerTimes.swift */ = {isa = PBXFileReference; lastKnownFileType = sourcecode.swift; path = PrayerTimes.swift; sourceTree = "<group>"; };
		SRC010 /* UserRoutineLink.swift */ = {isa = PBXFileReference; lastKnownFileType = sourcecode.swift; path = UserRoutineLink.swift; sourceTree = "<group>"; };
		SRC011 /* DhikrRepository.swift */ = {isa = PBXFileReference; lastKnownFileType = sourcecode.swift; path = DhikrRepository.swift; sourceTree = "<group>"; };
		SRC012 /* SessionRepository.swift */ = {isa = PBXFileReference; lastKnownFileType = sourcecode.swift; path = SessionRepository.swift; sourceTree = "<group>"; };
		SRC014 /* SettingsRepository.swift */ = {isa = PBXFileReference; lastKnownFileType = sourcecode.swift; path = SettingsRepository.swift; sourceTree = "<group>"; };
		SRC015 /* OnboardingRepository.swift */ = {isa = PBXFileReference; lastKnownFileType = sourcecode.swift; path = OnboardingRepository.swift; sourceTree = "<group>"; };
		SRC016 /* UserRoutineLinkRepository.swift */ = {isa = PBXFileReference; lastKnownFileType = sourcecode.swift; path = UserRoutineLinkRepository.swift; sourceTree = "<group>"; };
		SRC017 /* PrayerTimeService.swift */ = {isa = PBXFileReference; lastKnownFileType = sourcecode.swift; path = PrayerTimeService.swift; sourceTree = "<group>"; };
		SRC018 /* SeedImportService.swift */ = {isa = PBXFileReference; lastKnownFileType = sourcecode.swift; path = SeedImportService.swift; sourceTree = "<group>"; };
		SRC019 /* HapticsService.swift */ = {isa = PBXFileReference; lastKnownFileType = sourcecode.swift; path = HapticsService.swift; sourceTree = "<group>"; };
		SRC020 /* LocationService.swift */ = {isa = PBXFileReference; lastKnownFileType = sourcecode.swift; path = LocationService.swift; sourceTree = "<group>"; };
		SRC021 /* HomeViewModel.swift */ = {isa = PBXFileReference; lastKnownFileType = sourcecode.swift; path = HomeViewModel.swift; sourceTree = "<group>"; };
		SRC022 /* SessionViewModel.swift */ = {isa = PBXFileReference; lastKnownFileType = sourcecode.swift; path = SessionViewModel.swift; sourceTree = "<group>"; };
		SRC023 /* HisnViewModel.swift */ = {isa = PBXFileReference; lastKnownFileType = sourcecode.swift; path = HisnViewModel.swift; sourceTree = "<group>"; };
		SRC025 /* SettingsViewModel.swift */ = {isa = PBXFileReference; lastKnownFileType = sourcecode.swift; path = SettingsViewModel.swift; sourceTree = "<group>"; };
		SRC026 /* OnboardingViewModel.swift */ = {isa = PBXFileReference; lastKnownFileType = sourcecode.swift; path = OnboardingViewModel.swift; sourceTree = "<group>"; };
		SRC027 /* MainTabView.swift */ = {isa = PBXFileReference; lastKnownFileType = sourcecode.swift; path = MainTabView.swift; sourceTree = "<group>"; };
		SRC028 /* OnboardingView.swift */ = {isa = PBXFileReference; lastKnownFileType = sourcecode.swift; path = OnboardingView.swift; sourceTree = "<group>"; };
		SRC029 /* HomeView.swift */ = {isa = PBXFileReference; lastKnownFileType = sourcecode.swift; path = HomeView.swift; sourceTree = "<group>"; };
		SRC030 /* SessionView.swift */ = {isa = PBXFileReference; lastKnownFileType = sourcecode.swift; path = SessionView.swift; sourceTree = "<group>"; };
		SRC031 /* HisnLibraryView.swift */ = {isa = PBXFileReference; lastKnownFileType = sourcecode.swift; path = HisnLibraryView.swift; sourceTree = "<group>"; };
		SRC032 /* DuaDetailView.swift */ = {isa = PBXFileReference; lastKnownFileType = sourcecode.swift; path = DuaDetailView.swift; sourceTree = "<group>"; };
		SRC034 /* SettingsView.swift */ = {isa = PBXFileReference; lastKnownFileType = sourcecode.swift; path = SettingsView.swift; sourceTree = "<group>"; };
		SRC035 /* CounterCircle.swift */ = {isa = PBXFileReference; lastKnownFileType = sourcecode.swift; path = CounterCircle.swift; sourceTree = "<group>"; };
		SRC036 /* DateHelpers.swift */ = {isa = PBXFileReference; lastKnownFileType = sourcecode.swift; path = DateHelpers.swift; sourceTree = "<group>"; };
		SRC037 /* AppColors.swift */ = {isa = PBXFileReference; lastKnownFileType = sourcecode.swift; path = AppColors.swift; sourceTree = "<group>"; };
		SRC038 /* ArabicNumbers.swift */ = {isa = PBXFileReference; lastKnownFileType = sourcecode.swift; path = ArabicNumbers.swift; sourceTree = "<group>"; };
/* End PBXFileReference section */

/* Begin PBXFrameworksBuildPhase section */
		FRM001 /* Frameworks */ = {
			isa = PBXFrameworksBuildPhase;
			buildActionMask = 2147483647;
			files = (
			);
			runOnlyForDeploymentPostprocessing = 0;
		};
/* End PBXFrameworksBuildPhase section */

/* Begin PBXGroup section */
		C38D270E2F27001B005D2A1A /* Tools */ = {
			isa = PBXGroup;
			children = (
				C31219282F2AC57500BEF731 /* FastingTrackerView.swift */,
				C38D27082F27001B005D2A1A /* HijriCalendarView.swift */,
				C38D27092F27001B005D2A1A /* PrayerTimesView.swift */,
				C38D270A2F27001B005D2A1A /* QiblaView.swift */,
				C38D270B2F27001B005D2A1A /* StatisticsView.swift */,
				C38D270C2F27001B005D2A1A /* TasbihView.swift */,
				C38D270D2F27001B005D2A1A /* ZakatCalculatorView.swift */,
			);
			path = Tools;
			sourceTree = "<group>";
		};
		GRP000 = {
			isa = PBXGroup;
			children = (
				GRP001 /* Athkariapp */,
				GRP100 /* Products */,
			);
			sourceTree = "<group>";
		};
		GRP001 /* Athkariapp */ = {
			isa = PBXGroup;
			children = (
				GRP002 /* App */,
				GRP003 /* Models */,
				GRP004 /* Repositories */,
				GRP005 /* Services */,
				GRP006 /* ViewModels */,
				GRP007 /* UI */,
				GRP008 /* Utilities */,
				GRP009 /* Resources */,
				AST001 /* Assets.xcassets */,
				RSC003 /* Info.plist */,
			);
			path = Athkariapp;
			sourceTree = "<group>";
		};
		GRP002 /* App */ = {
			isa = PBXGroup;
			children = (
				SRC001 /* AdhkariApp.swift */,
				SRC002 /* AppContainer.swift */,
			);
			path = App;
			sourceTree = "<group>";
		};
		GRP003 /* Models */ = {
			isa = PBXGroup;
			children = (
				SRC003 /* DhikrItem.swift */,
				SRC004 /* RoutineSlot.swift */,
				SRC005 /* SessionState.swift */,
				SRC007 /* AppSettings.swift */,
				SRC008 /* OnboardingState.swift */,
				SRC009 /* PrayerTimes.swift */,
				SRC010 /* UserRoutineLink.swift */,
			);
			path = Models;
			sourceTree = "<group>";
		};
		GRP004 /* Repositories */ = {
			isa = PBXGroup;
			children = (
				SRC011 /* DhikrRepository.swift */,
				SRC012 /* SessionRepository.swift */,
				SRC014 /* SettingsRepository.swift */,
				SRC015 /* OnboardingRepository.swift */,
				SRC016 /* UserRoutineLinkRepository.swift */,
			);
			path = Repositories;
			sourceTree = "<group>";
		};
		GRP005 /* Services */ = {
			isa = PBXGroup;
			children = (
				C312192C2F2AC81900BEF731 /* FastingService.swift */,
				C31217C42F283CA700BEF731 /* HijriDateService.swift */,
				C38D27062F26FEA1005D2A1A /* NotificationService.swift */,
				SRC017 /* PrayerTimeService.swift */,
				SRC018 /* SeedImportService.swift */,
				SRC019 /* HapticsService.swift */,
				SRC020 /* LocationService.swift */,
			);
			path = Services;
			sourceTree = "<group>";
		};
		GRP006 /* ViewModels */ = {
			isa = PBXGroup;
			children = (
				C312192A2F2AC6CF00BEF731 /* FastingViewModel.swift */,
				SRC021 /* HomeViewModel.swift */,
				SRC022 /* SessionViewModel.swift */,
				SRC023 /* HisnViewModel.swift */,
				SRC025 /* SettingsViewModel.swift */,
				SRC026 /* OnboardingViewModel.swift */,
			);
			path = ViewModels;
			sourceTree = "<group>";
		};
		GRP007 /* UI */ = {
			isa = PBXGroup;
			children = (
				C38D270E2F27001B005D2A1A /* Tools */,
				SRC027 /* MainTabView.swift */,
				GRP010 /* Onboarding */,
				GRP011 /* Home */,
				GRP012 /* Session */,
				GRP013 /* Hisn */,
				GRP015 /* Settings */,
				GRP016 /* Components */,
			);
			path = UI;
			sourceTree = "<group>";
		};
		GRP008 /* Utilities */ = {
			isa = PBXGroup;
			children = (
				SRC036 /* DateHelpers.swift */,
				SRC037 /* AppColors.swift */,
				SRC038 /* ArabicNumbers.swift */,
			);
			path = Utilities;
			sourceTree = "<group>";
		};
		GRP009 /* Resources */ = {
			isa = PBXGroup;
			children = (
				RSC001 /* adhkar.json */,
				RSC004 /* Localizable.strings */,
			);
			path = Resources;
			sourceTree = "<group>";
		};
		GRP010 /* Onboarding */ = {
			isa = PBXGroup;
			children = (
				SRC028 /* OnboardingView.swift */,
			);
			path = Onboarding;
			sourceTree = "<group>";
		};
		GRP011 /* Home */ = {
			isa = PBXGroup;
			children = (
				SRC029 /* HomeView.swift */,
			);
			path = Home;
			sourceTree = "<group>";
		};
		GRP012 /* Session */ = {
			isa = PBXGroup;
			children = (
				SRC030 /* SessionView.swift */,
			);
			path = Session;
			sourceTree = "<group>";
		};
		GRP013 /* Hisn */ = {
			isa = PBXGroup;
			children = (
				SRC031 /* HisnLibraryView.swift */,
				SRC032 /* DuaDetailView.swift */,
			);
			path = Hisn;
			sourceTree = "<group>";
		};
		GRP015 /* Settings */ = {
			isa = PBXGroup;
			children = (
				SRC034 /* SettingsView.swift */,
			);
			path = Settings;
			sourceTree = "<group>";
		};
		GRP016 /* Components */ = {
			isa = PBXGroup;
			children = (
				SRC035 /* CounterCircle.swift */,
			);
			path = Components;
			sourceTree = "<group>";
		};
		GRP100 /* Products */ = {
			isa = PBXGroup;
			children = (
				PROD001 /* Athkariapp.app */,
			);
			name = Products;
			sourceTree = "<group>";
		};
/* End PBXGroup section */

/* Begin PBXNativeTarget section */
		TGT001 /* Athkariapp */ = {
			isa = PBXNativeTarget;
			buildConfigurationList = CFG002 /* Build configuration list for PBXNativeTarget "Athkariapp" */;
			buildPhases = (
				SRC100 /* Sources */,
				FRM001 /* Frameworks */,
				RES100 /* Resources */,
			);
			buildRules = (
			);
			dependencies = (
			);
			name = Athkariapp;
			productName = Athkariapp;
			productReference = PROD001 /* Athkariapp.app */;
			productType = "com.apple.product-type.application";
		};
/* End PBXNativeTarget section */

/* Begin PBXProject section */
		PRJ001 /* Project object */ = {
			isa = PBXProject;
			attributes = {
				BuildIndependentTargetsInParallel = 1;
				LastSwiftUpdateCheck = 1500;
				LastUpgradeCheck = 2620;
				TargetAttributes = {
					TGT001 = {
						CreatedOnToolsVersion = 15.0;
					};
				};
			};
			buildConfigurationList = CFG001 /* Build configuration list for PBXProject "Athkariapp" */;
			compatibilityVersion = "Xcode 14.0";
			developmentRegion = ar;
			hasScannedForEncodings = 0;
			knownRegions = (
				ar,
				Base,
			);
			mainGroup = GRP000;
			productRefGroup = GRP100 /* Products */;
			projectDirPath = "";
			projectRoot = "";
			targets = (
				TGT001 /* Athkariapp */,
			);
		};
/* End PBXProject section */

/* Begin PBXResourcesBuildPhase section */
		RES100 /* Resources */ = {
			isa = PBXResourcesBuildPhase;
			buildActionMask = 2147483647;
			files = (
				RES001 /* adhkar.json in Resources */,
				RES003 /* Localizable.strings in Resources */,
				AST002 /* Assets.xcassets in Resources */,
			);
			runOnlyForDeploymentPostprocessing = 0;
		};
/* End PBXResourcesBuildPhase section */

/* Begin PBXSourcesBuildPhase section */
		SRC100 /* Sources */ = {
			isa = PBXSourcesBuildPhase;
			buildActionMask = 2147483647;
			files = (
				APP001 /* AdhkariApp.swift in Sources */,
				APP002 /* AppContainer.swift in Sources */,
				MDL001 /* DhikrItem.swift in Sources */,
				MDL002 /* RoutineSlot.swift in Sources */,
				C31217C52F283CA700BEF731 /* HijriDateService.swift in Sources */,
				MDL003 /* SessionState.swift in Sources */,
				MDL005 /* AppSettings.swift in Sources */,
				C31219292F2AC57500BEF731 /* FastingTrackerView.swift in Sources */,
				MDL006 /* OnboardingState.swift in Sources */,
				MDL007 /* PrayerTimes.swift in Sources */,
				MDL008 /* UserRoutineLink.swift in Sources */,
				REP001 /* DhikrRepository.swift in Sources */,
				REP002 /* SessionRepository.swift in Sources */,
				C312192B2F2AC6CF00BEF731 /* FastingViewModel.swift in Sources */,
				REP004 /* SettingsRepository.swift in Sources */,
				REP005 /* OnboardingRepository.swift in Sources */,
				REP006 /* UserRoutineLinkRepository.swift in Sources */,
				SVC001 /* PrayerTimeService.swift in Sources */,
				SVC002 /* SeedImportService.swift in Sources */,
				SVC003 /* HapticsService.swift in Sources */,
				SVC004 /* LocationService.swift in Sources */,
				VWM001 /* HomeViewModel.swift in Sources */,
				VWM002 /* SessionViewModel.swift in Sources */,
				VWM003 /* HisnViewModel.swift in Sources */,
				VWM005 /* SettingsViewModel.swift in Sources */,
				VWM006 /* OnboardingViewModel.swift in Sources */,
				UIV001 /* MainTabView.swift in Sources */,
				UIV002 /* OnboardingView.swift in Sources */,
				C312192D2F2AC81900BEF731 /* FastingService.swift in Sources */,
				C38D27072F26FEA1005D2A1A /* NotificationService.swift in Sources */,
				C38D270F2F27001B005D2A1A /* PrayerTimesView.swift in Sources */,
				C38D27102F27001B005D2A1A /* ZakatCalculatorView.swift in Sources */,
				C38D27112F27001B005D2A1A /* HijriCalendarView.swift in Sources */,
				C38D27122F27001B005D2A1A /* TasbihView.swift in Sources */,
				C38D27132F27001B005D2A1A /* StatisticsView.swift in Sources */,
				C38D27142F27001B005D2A1A /* QiblaView.swift in Sources */,
				UIV003 /* HomeView.swift in Sources */,
				UIV004 /* SessionView.swift in Sources */,
				UIV005 /* HisnLibraryView.swift in Sources */,
				UIV006 /* DuaDetailView.swift in Sources */,
				UIV008 /* SettingsView.swift in Sources */,
				UIV009 /* CounterCircle.swift in Sources */,
				UTL001 /* DateHelpers.swift in Sources */,
				UTL002 /* AppColors.swift in Sources */,
				UTL003 /* ArabicNumbers.swift in Sources */,
			);
			runOnlyForDeploymentPostprocessing = 0;
		};
/* End PBXSourcesBuildPhase section */

/* Begin XCBuildConfiguration section */
		CFG101 /* Debug */ = {
			isa = XCBuildConfiguration;
			buildSettings = {
				ALWAYS_SEARCH_USER_PATHS = NO;
				ASSETCATALOG_COMPILER_GENERATE_SWIFT_ASSET_SYMBOL_EXTENSIONS = YES;
				CLANG_ANALYZER_NONNULL = YES;
				CLANG_ANALYZER_NUMBER_OBJECT_CONVERSION = YES_AGGRESSIVE;
				CLANG_CXX_LANGUAGE_STANDARD = "gnu++20";
				CLANG_ENABLE_MODULES = YES;
				CLANG_ENABLE_OBJC_ARC = YES;
				CLANG_ENABLE_OBJC_WEAK = YES;
				CLANG_WARN_BLOCK_CAPTURE_AUTORELEASING = YES;
				CLANG_WARN_BOOL_CONVERSION = YES;
				CLANG_WARN_COMMA = YES;
				CLANG_WARN_CONSTANT_CONVERSION = YES;
				CLANG_WARN_DEPRECATED_OBJC_IMPLEMENTATIONS = YES;
				CLANG_WARN_DIRECT_OBJC_ISA_USAGE = YES_ERROR;
				CLANG_WARN_DOCUMENTATION_COMMENTS = YES;
				CLANG_WARN_EMPTY_BODY = YES;
				CLANG_WARN_ENUM_CONVERSION = YES;
				CLANG_WARN_INFINITE_RECURSION = YES;
				CLANG_WARN_INT_CONVERSION = YES;
				CLANG_WARN_NON_LITERAL_NULL_CONVERSION = YES;
				CLANG_WARN_OBJC_IMPLICIT_RETAIN_SELF = YES;
				CLANG_WARN_OBJC_LITERAL_CONVERSION = YES;
				CLANG_WARN_OBJC_ROOT_CLASS = YES_ERROR;
				CLANG_WARN_QUOTED_INCLUDE_IN_FRAMEWORK_HEADER = YES;
				CLANG_WARN_RANGE_LOOP_ANALYSIS = YES;
				CLANG_WARN_STRICT_PROTOTYPES = YES;
				CLANG_WARN_SUSPICIOUS_MOVE = YES;
				CLANG_WARN_UNGUARDED_AVAILABILITY = YES_AGGRESSIVE;
				CLANG_WARN_UNREACHABLE_CODE = YES;
				CLANG_WARN__DUPLICATE_METHOD_MATCH = YES;
				COPY_PHASE_STRIP = NO;
				DEBUG_INFORMATION_FORMAT = dwarf;
				DEVELOPMENT_TEAM = AAR68TQVR5;
				ENABLE_STRICT_OBJC_MSGSEND = YES;
				ENABLE_TESTABILITY = YES;
				ENABLE_USER_SCRIPT_SANDBOXING = YES;
				GCC_C_LANGUAGE_STANDARD = gnu17;
				GCC_DYNAMIC_NO_PIC = NO;
				GCC_NO_COMMON_BLOCKS = YES;
				GCC_OPTIMIZATION_LEVEL = 0;
				GCC_PREPROCESSOR_DEFINITIONS = (
					"DEBUG=1",
					"$(inherited)",
				);
				GCC_WARN_64_TO_32_BIT_CONVERSION = YES;
				GCC_WARN_ABOUT_RETURN_TYPE = YES_ERROR;
				GCC_WARN_UNDECLARED_SELECTOR = YES;
				GCC_WARN_UNINITIALIZED_AUTOS = YES_AGGRESSIVE;
				GCC_WARN_UNUSED_FUNCTION = YES;
				GCC_WARN_UNUSED_VARIABLE = YES;
				IPHONEOS_DEPLOYMENT_TARGET = 17.0;
				LOCALIZATION_PREFERS_STRING_CATALOGS = YES;
				MTL_ENABLE_DEBUG_INFO = INCLUDE_SOURCE;
				MTL_FAST_MATH = YES;
				ONLY_ACTIVE_ARCH = YES;
				SDKROOT = iphoneos;
				STRING_CATALOG_GENERATE_SYMBOLS = YES;
				SWIFT_ACTIVE_COMPILATION_CONDITIONS = "DEBUG $(inherited)";
				SWIFT_OPTIMIZATION_LEVEL = "-Onone";
			};
			name = Debug;
		};
		CFG102 /* Release */ = {
			isa = XCBuildConfiguration;
			buildSettings = {
				ALWAYS_SEARCH_USER_PATHS = NO;
				ASSETCATALOG_COMPILER_GENERATE_SWIFT_ASSET_SYMBOL_EXTENSIONS = YES;
				CLANG_ANALYZER_NONNULL = YES;
				CLANG_ANALYZER_NUMBER_OBJECT_CONVERSION = YES_AGGRESSIVE;
				CLANG_CXX_LANGUAGE_STANDARD = "gnu++20";
				CLANG_ENABLE_MODULES = YES;
				CLANG_ENABLE_OBJC_ARC = YES;
				CLANG_ENABLE_OBJC_WEAK = YES;
				CLANG_WARN_BLOCK_CAPTURE_AUTORELEASING = YES;
				CLANG_WARN_BOOL_CONVERSION = YES;
				CLANG_WARN_COMMA = YES;
				CLANG_WARN_CONSTANT_CONVERSION = YES;
				CLANG_WARN_DEPRECATED_OBJC_IMPLEMENTATIONS = YES;
				CLANG_WARN_DIRECT_OBJC_ISA_USAGE = YES_ERROR;
				CLANG_WARN_DOCUMENTATION_COMMENTS = YES;
				CLANG_WARN_EMPTY_BODY = YES;
				CLANG_WARN_ENUM_CONVERSION = YES;
				CLANG_WARN_INFINITE_RECURSION = YES;
				CLANG_WARN_INT_CONVERSION = YES;
				CLANG_WARN_NON_LITERAL_NULL_CONVERSION = YES;
				CLANG_WARN_OBJC_IMPLICIT_RETAIN_SELF = YES;
				CLANG_WARN_OBJC_LITERAL_CONVERSION = YES;
				CLANG_WARN_OBJC_ROOT_CLASS = YES_ERROR;
				CLANG_WARN_QUOTED_INCLUDE_IN_FRAMEWORK_HEADER = YES;
				CLANG_WARN_RANGE_LOOP_ANALYSIS = YES;
				CLANG_WARN_STRICT_PROTOTYPES = YES;
				CLANG_WARN_SUSPICIOUS_MOVE = YES;
				CLANG_WARN_UNGUARDED_AVAILABILITY = YES_AGGRESSIVE;
				CLANG_WARN_UNREACHABLE_CODE = YES;
				CLANG_WARN__DUPLICATE_METHOD_MATCH = YES;
				COPY_PHASE_STRIP = NO;
				DEBUG_INFORMATION_FORMAT = "dwarf-with-dsym";
				DEVELOPMENT_TEAM = AAR68TQVR5;
				ENABLE_NS_ASSERTIONS = NO;
				ENABLE_STRICT_OBJC_MSGSEND = YES;
				ENABLE_USER_SCRIPT_SANDBOXING = YES;
				GCC_C_LANGUAGE_STANDARD = gnu17;
				GCC_NO_COMMON_BLOCKS = YES;
				GCC_WARN_64_TO_32_BIT_CONVERSION = YES;
				GCC_WARN_ABOUT_RETURN_TYPE = YES_ERROR;
				GCC_WARN_UNDECLARED_SELECTOR = YES;
				GCC_WARN_UNINITIALIZED_AUTOS = YES_AGGRESSIVE;
				GCC_WARN_UNUSED_FUNCTION = YES;
				GCC_WARN_UNUSED_VARIABLE = YES;
				IPHONEOS_DEPLOYMENT_TARGET = 17.0;
				LOCALIZATION_PREFERS_STRING_CATALOGS = YES;
				MTL_ENABLE_DEBUG_INFO = NO;
				MTL_FAST_MATH = YES;
				SDKROOT = iphoneos;
				STRING_CATALOG_GENERATE_SYMBOLS = YES;
				SWIFT_COMPILATION_MODE = wholemodule;
				VALIDATE_PRODUCT = YES;
			};
			name = Release;
		};
		CFG201 /* Debug */ = {
			isa = XCBuildConfiguration;
			buildSettings = {
				ASSETCATALOG_COMPILER_APPICON_NAME = AppIcon;
				ASSETCATALOG_COMPILER_GLOBAL_ACCENT_COLOR_NAME = AccentColor;
				CODE_SIGN_STYLE = Automatic;
				CURRENT_PROJECT_VERSION = 2;
				ENABLE_PREVIEWS = YES;
				GENERATE_INFOPLIST_FILE = YES;
				INFOPLIST_FILE = Athkariapp/Info.plist;
				INFOPLIST_KEY_CFBundleDisplayName = "Athkari | أذكاري";
				INFOPLIST_KEY_LSApplicationCategoryType = "public.app-category.lifestyle";
				INFOPLIST_KEY_NSLocationWhenInUseUsageDescription = "يستخدم التطبيق موقعك لحساب مواقيت الصلاة وتحديد اتجاه القبلة";
				INFOPLIST_KEY_UIApplicationSupportsIndirectInputEvents = YES;
				INFOPLIST_KEY_UISupportedInterfaceOrientations = UIInterfaceOrientationPortrait;
				INFOPLIST_KEY_UIUserInterfaceStyle = Dark;
				LD_RUNPATH_SEARCH_PATHS = (
					"$(inherited)",
					"@executable_path/Frameworks",
				);
				MARKETING_VERSION = 1.0.0;
				PRODUCT_BUNDLE_IDENTIFIER = com.Athkariapp;
				PRODUCT_NAME = "$(TARGET_NAME)";
				SWIFT_EMIT_LOC_STRINGS = YES;
				SWIFT_STRICT_CONCURRENCY = complete;
				SWIFT_VERSION = 5.0;
				TARGETED_DEVICE_FAMILY = 1;
			};
			name = Debug;
		};
		CFG202 /* Release */ = {
			isa = XCBuildConfiguration;
			buildSettings = {
				ASSETCATALOG_COMPILER_APPICON_NAME = AppIcon;
				ASSETCATALOG_COMPILER_GLOBAL_ACCENT_COLOR_NAME = AccentColor;
				CODE_SIGN_STYLE = Automatic;
				CURRENT_PROJECT_VERSION = 2;
				ENABLE_PREVIEWS = YES;
				GENERATE_INFOPLIST_FILE = YES;
				INFOPLIST_FILE = Athkariapp/Info.plist;
				INFOPLIST_KEY_CFBundleDisplayName = "Athkari | أذكاري";
				INFOPLIST_KEY_LSApplicationCategoryType = "public.app-category.lifestyle";
				INFOPLIST_KEY_NSLocationWhenInUseUsageDescription = "يستخدم التطبيق موقعك لحساب مواقيت الصلاة وتحديد اتجاه القبلة";
				INFOPLIST_KEY_UIApplicationSupportsIndirectInputEvents = YES;
				INFOPLIST_KEY_UISupportedInterfaceOrientations = UIInterfaceOrientationPortrait;
				INFOPLIST_KEY_UIUserInterfaceStyle = Dark;
				LD_RUNPATH_SEARCH_PATHS = (
					"$(inherited)",
					"@executable_path/Frameworks",
				);
				MARKETING_VERSION = 1.0.0;
				PRODUCT_BUNDLE_IDENTIFIER = com.Athkariapp;
				PRODUCT_NAME = "$(TARGET_NAME)";
				SWIFT_EMIT_LOC_STRINGS = YES;
				SWIFT_STRICT_CONCURRENCY = complete;
				SWIFT_VERSION = 5.0;
				TARGETED_DEVICE_FAMILY = 1;
			};
			name = Release;
		};
/* End XCBuildConfiguration section */

/* Begin XCConfigurationList section */
		CFG001 /* Build configuration list for PBXProject "Athkariapp" */ = {
			isa = XCConfigurationList;
			buildConfigurations = (
				CFG101 /* Debug */,
				CFG102 /* Release */,
			);
			defaultConfigurationIsVisible = 0;
			defaultConfigurationName = Release;
		};
		CFG002 /* Build configuration list for PBXNativeTarget "Athkariapp" */ = {
			isa = XCConfigurationList;
			buildConfigurations = (
				CFG201 /* Debug */,
				CFG202 /* Release */,
			);
			defaultConfigurationIsVisible = 0;
			defaultConfigurationName = Release;
		};
/* End XCConfigurationList section */
	};
	rootObject = PRJ001 /* Project object */;
}
